
Microsoft Visual Studio Solution File, Format Version 12.00
# Visual Studio 15
VisualStudioVersion = 15.0.26730.15
MinimumVisualStudioVersion = 10.0.40219.1
Project("{FAE04EC0-301F-11D3-BF4B-00C04F79EFBC}") = "MeuCurriculo", "MeuCurriculo\MeuCurriculo.csproj", "{026735DD-D3D5-463D-A965-3D6705632D0C}"
EndProject
Global
	GlobalSection(SolutionConfigurationPlatforms) = preSolution
		Debug|Any CPU = Debug|Any CPU
		Release|Any CPU = Release|Any CPU
	EndGlobalSection
	GlobalSection(ProjectConfigurationPlatforms) = postSolution
		{026735DD-D3D5-463D-A965-3D6705632D0C}.Debug|Any CPU.ActiveCfg = Debug|Any CPU
		{026735DD-D3D5-463D-A965-3D6705632D0C}.Debug|Any CPU.Build.0 = Debug|Any CPU
		{026735DD-D3D5-463D-A965-3D6705632D0C}.Release|Any CPU.ActiveCfg = Release|Any CPU
		{026735DD-D3D5-463D-A965-3D6705632D0C}.Release|Any CPU.Build.0 = Release|Any CPU
	EndGlobalSection
	GlobalSection(SolutionProperties) = preSolution
		HideSolutionNode = FALSE
	EndGlobalSection
	GlobalSection(ExtensibilityGlobals) = postSolution
		SolutionGuid = {DEA7A819-DE3E-466A-9632-D6E510B9AE42}
	EndGlobalSection
EndGlobal
